
Microsoft Visual Studio Solution File, Format Version 12.00
# Visual Studio Version 16
VisualStudioVersion = 16.0.30804.86
MinimumVisualStudioVersion = 10.0.40219.1
Project("{FAE04EC0-301F-11D3-BF4B-00C04F79EFBC}") = "Calculator-ver1", "Calculater-ver1\Calculator-ver1.csproj", "{C708E4BF-2629-47E4-BD47-E6E48C777674}"
EndProject
Global
	GlobalSection(SolutionConfigurationPlatforms) = preSolution
		Debug|Any CPU = Debug|Any CPU
		Release|Any CPU = Release|Any CPU
	EndGlobalSection
	GlobalSection(ProjectConfigurationPlatforms) = postSolution
		{C708E4BF-2629-47E4-BD47-E6E48C777674}.Debug|Any CPU.ActiveCfg = Debug|Any CPU
		{C708E4BF-2629-47E4-BD47-E6E48C777674}.Debug|Any CPU.Build.0 = Debug|Any CPU
		{C708E4BF-2629-47E4-BD47-E6E48C777674}.Release|Any CPU.ActiveCfg = Release|Any CPU
		{C708E4BF-2629-47E4-BD47-E6E48C777674}.Release|Any CPU.Build.0 = Release|Any CPU
	EndGlobalSection
	GlobalSection(SolutionProperties) = preSolution
		HideSolutionNode = FALSE
	EndGlobalSection
	GlobalSection(ExtensibilityGlobals) = postSolution
		SolutionGuid = {4205E6FF-83C2-448E-8680-92B13C3FE87D}
	EndGlobalSection
EndGlobal
